
Microsoft Visual Studio Solution File, Format Version 12.00
# Visual Studio Version 17
VisualStudioVersion = 17.0.31903.59
MinimumVisualStudioVersion = 10.0.40219.1
Project("{FAE04EC0-301F-11D3-BF4B-00C04F79EFBC}") = "SportsShopWebApi", "SportsShopWebApi.csproj", "{64E74BCD-1154-486D-B16D-C4E0BD25ADF2}"
EndProject
Project("{FAE04EC0-301F-11D3-BF4B-00C04F79EFBC}") = "SportsShopWebApi.Tests", "..\SportsShopWebApi.Tests\SportsShopWebApi.Tests.csproj", "{51635547-2131-464B-88A3-3E70D857EC3A}"
EndProject
Global
	GlobalSection(SolutionConfigurationPlatforms) = preSolution
		Debug|Any CPU = Debug|Any CPU
		Release|Any CPU = Release|Any CPU
	EndGlobalSection
	GlobalSection(ProjectConfigurationPlatforms) = postSolution
		{64E74BCD-1154-486D-B16D-C4E0BD25ADF2}.Debug|Any CPU.ActiveCfg = Debug|Any CPU
		{64E74BCD-1154-486D-B16D-C4E0BD25ADF2}.Debug|Any CPU.Build.0 = Debug|Any CPU
		{64E74BCD-1154-486D-B16D-C4E0BD25ADF2}.Release|Any CPU.ActiveCfg = Release|Any CPU
		{64E74BCD-1154-486D-B16D-C4E0BD25ADF2}.Release|Any CPU.Build.0 = Release|Any CPU
		{51635547-2131-464B-88A3-3E70D857EC3A}.Debug|Any CPU.ActiveCfg = Debug|Any CPU
		{51635547-2131-464B-88A3-3E70D857EC3A}.Debug|Any CPU.Build.0 = Debug|Any CPU
		{51635547-2131-464B-88A3-3E70D857EC3A}.Release|Any CPU.ActiveCfg = Release|Any CPU
		{51635547-2131-464B-88A3-3E70D857EC3A}.Release|Any CPU.Build.0 = Release|Any CPU
	EndGlobalSection
	GlobalSection(SolutionProperties) = preSolution
		HideSolutionNode = FALSE
	EndGlobalSection
	GlobalSection(ExtensibilityGlobals) = postSolution
		SolutionGuid = {603C7718-8B5B-48C7-9444-47598115520B}
	EndGlobalSection
EndGlobal
